{
  "name": "prettier-coffee",
  "version": "1.0.0",
  "lockfileVersion": 3,
  "requires": true,
  "packages": {
    "": {
      "name": "prettier-coffee",
      "version": "1.0.0",
      "license": "ISC",
      "dependencies": {
        "coffeescript": "^2.7.0",
        "prettier": "github:helixbass/prettier#prettier-v2.1.0-dev.100-gitpkg",
        "prettier-plugin-coffeescript": "^0.1.5"
      }
    },
    "node_modules/coffeescript": {
      "version": "2.7.0",
      "resolved": "https://registry.npmjs.org/coffeescript/-/coffeescript-2.7.0.tgz",
      "integrity": "sha512-hzWp6TUE2d/jCcN67LrW1eh5b/rSDKQK6oD6VMLlggYVUUFexgTH9z3dNYihzX4RMhze5FTUsUmOXViJKFQR/A==",
      "license": "MIT",
      "bin": {
        "cake": "bin/cake",
        "coffee": "bin/coffee"
      },
      "engines": {
        "node": ">=6"
      }
    },
    "node_modules/esutils": {
      "version": "2.0.3",
      "resolved": "https://registry.npmjs.org/esutils/-/esutils-2.0.3.tgz",
      "integrity": "sha512-kVscqXk4OCp68SZ0dkgEKVi6/8ij300KBWTJq32P/dYeWTSwK41WyTxalN1eRmA5Z9UU/LX9D7FWSmV9SAYx6g==",
      "license": "BSD-2-Clause",
      "engines": {
        "node": ">=0.10.0"
      }
    },
    "node_modules/prettier": {
      "version": "2.1.0-dev.100",
      "resolved": "git+ssh://git@github.com/helixbass/prettier.git#1396f0979c6f6395e70384945a38888af23db6e0",
      "license": "MIT",
      "bin": {
        "prettier": "bin-prettier.js"
      },
      "engines": {
        "node": ">=10.13.0"
      }
    },
    "node_modules/prettier-plugin-coffeescript": {
      "version": "0.1.5",
      "resolved": "https://registry.npmjs.org/prettier-plugin-coffeescript/-/prettier-plugin-coffeescript-0.1.5.tgz",
      "integrity": "sha512-xezyA/aQH2P9SyPQU2VMkcPdkq4Ekc8gI+hmnP/noJBJfPwSoFZHcwapWfEDTlOq8BxZ9bqdPHzdZf2jQ9m2Cg==",
      "license": "MIT",
      "dependencies": {
        "coffeescript": "^2.5.0",
        "esutils": "^2.0.2",
        "prettier": "github:helixbass/prettier#prettier-v2.1.0-dev.100-gitpkg"
      },
      "engines": {
        "node": ">= 6"
      }
    }
  }
}
